
Microsoft Visual Studio Solution File, Format Version 12.00
# Visual Studio Version 17
VisualStudioVersion = 17.7.34018.315
MinimumVisualStudioVersion = 10.0.40219.1
Project("{FAE04EC0-301F-11D3-BF4B-00C04F79EFBC}") = "vac_runfunc_dll", "vac_runfunc_dll\vac_runfunc_dll.csproj", "{EB480B5F-F766-48D4-B418-ABD07379D389}"
EndProject
Global
	GlobalSection(SolutionConfigurationPlatforms) = preSolution
		Debug|Any CPU = Debug|Any CPU
		Release|Any CPU = Release|Any CPU
	EndGlobalSection
	GlobalSection(ProjectConfigurationPlatforms) = postSolution
		{EB480B5F-F766-48D4-B418-ABD07379D389}.Debug|Any CPU.ActiveCfg = Debug|Any CPU
		{EB480B5F-F766-48D4-B418-ABD07379D389}.Debug|Any CPU.Build.0 = Debug|Any CPU
		{EB480B5F-F766-48D4-B418-ABD07379D389}.Release|Any CPU.ActiveCfg = Release|Any CPU
		{EB480B5F-F766-48D4-B418-ABD07379D389}.Release|Any CPU.Build.0 = Release|Any CPU
	EndGlobalSection
	GlobalSection(SolutionProperties) = preSolution
		HideSolutionNode = FALSE
	EndGlobalSection
	GlobalSection(ExtensibilityGlobals) = postSolution
		SolutionGuid = {2D10B783-CC22-45F0-B433-21C4E32A6FD3}
	EndGlobalSection
EndGlobal
